
Microsoft Visual Studio Solution File, Format Version 12.00
# Visual Studio 2012
Project("{FAE04EC0-301F-11D3-BF4B-00C04F79EFBC}") = "TestWebApp", "src\TestWebApp.csproj", "{7A711304-1C1C-466F-B890-80FB8A8C69B8}"
EndProject
Project("{FAE04EC0-301F-11D3-BF4B-00C04F79EFBC}") = "TestWebApp.Tests", "TestWebApp.Tests\TestWebApp.Tests.csproj", "{737748A5-F3E2-41D8-96F8-0D0C0A3560EE}"
EndProject
Global
	GlobalSection(SolutionConfigurationPlatforms) = preSolution
		Debug|Any CPU = Debug|Any CPU
		Release|Any CPU = Release|Any CPU
	EndGlobalSection
	GlobalSection(ProjectConfigurationPlatforms) = postSolution
		{7A711304-1C1C-466F-B890-80FB8A8C69B8}.Debug|Any CPU.ActiveCfg = Debug|Any CPU
		{7A711304-1C1C-466F-B890-80FB8A8C69B8}.Debug|Any CPU.Build.0 = Debug|Any CPU
		{7A711304-1C1C-466F-B890-80FB8A8C69B8}.Release|Any CPU.ActiveCfg = Release|Any CPU
		{7A711304-1C1C-466F-B890-80FB8A8C69B8}.Release|Any CPU.Build.0 = Release|Any CPU
		{737748A5-F3E2-41D8-96F8-0D0C0A3560EE}.Debug|Any CPU.ActiveCfg = Debug|Any CPU
		{737748A5-F3E2-41D8-96F8-0D0C0A3560EE}.Debug|Any CPU.Build.0 = Debug|Any CPU
		{737748A5-F3E2-41D8-96F8-0D0C0A3560EE}.Release|Any CPU.ActiveCfg = Release|Any CPU
		{737748A5-F3E2-41D8-96F8-0D0C0A3560EE}.Release|Any CPU.Build.0 = Release|Any CPU
	EndGlobalSection
	GlobalSection(SolutionProperties) = preSolution
		HideSolutionNode = FALSE
	EndGlobalSection
EndGlobal
